
Microsoft Visual Studio Solution File, Format Version 12.00
# Visual Studio Version 16
VisualStudioVersion = 16.0.30225.117
MinimumVisualStudioVersion = 10.0.40219.1
Project("{9A19103F-16F7-4668-BE54-9A1E7A4F7556}") = "DbStructure.Data", "DbStructure.Data\DbStructure.Data.csproj", "{0AC86F3B-1F84-4E7B-9165-6504F9FF5555}"
EndProject
Project("{9A19103F-16F7-4668-BE54-9A1E7A4F7556}") = "Core", "Core\Core.csproj", "{9DD21C09-6E46-4383-B592-7926A8A29C5D}"
EndProject
Project("{9A19103F-16F7-4668-BE54-9A1E7A4F7556}") = "DbStructure.Services.MySql", "DbStructure.Services.MySql\DbStructure.Services.MySql.csproj", "{31AB4B1E-6721-4455-8AED-86E3C7254E4B}"
EndProject
Project("{FAE04EC0-301F-11D3-BF4B-00C04F79EFBC}") = "DbStructure.ExportConsoleApp", "DbStructure.ExportConsoleApp\DbStructure.ExportConsoleApp.csproj", "{0B5FD070-DDB1-4E45-BC33-816F23AE7242}"
EndProject
Project("{FAE04EC0-301F-11D3-BF4B-00C04F79EFBC}") = "DbStructure.Helpers", "DbStructure.Helpers\DbStructure.Helpers.csproj", "{3FB6A68F-72A7-4F42-BD4F-58B9399690A9}"
EndProject
Project("{FAE04EC0-301F-11D3-BF4B-00C04F79EFBC}") = "Core.MySql", "Core.MySql\Core.MySql.csproj", "{A0FBBB34-18AB-4AC2-B5C4-B271B1C722A6}"
EndProject
Project("{FAE04EC0-301F-11D3-BF4B-00C04F79EFBC}") = "InformationSchema.Data", "InformationSchema.Data\InformationSchema.Data.csproj", "{5D6244A5-2FAD-44B9-BC91-03E754D5AAF5}"
EndProject
Project("{FAE04EC0-301F-11D3-BF4B-00C04F79EFBC}") = "InformationSchema.Helpers", "InformationSchema.Helpers\InformationSchema.Helpers.csproj", "{978BAF52-3497-4BA6-8696-1649EAA44535}"
EndProject
Global
	GlobalSection(SolutionConfigurationPlatforms) = preSolution
		Debug|Any CPU = Debug|Any CPU
		Release|Any CPU = Release|Any CPU
	EndGlobalSection
	GlobalSection(ProjectConfigurationPlatforms) = postSolution
		{0AC86F3B-1F84-4E7B-9165-6504F9FF5555}.Debug|Any CPU.ActiveCfg = Debug|Any CPU
		{0AC86F3B-1F84-4E7B-9165-6504F9FF5555}.Debug|Any CPU.Build.0 = Debug|Any CPU
		{0AC86F3B-1F84-4E7B-9165-6504F9FF5555}.Release|Any CPU.ActiveCfg = Release|Any CPU
		{0AC86F3B-1F84-4E7B-9165-6504F9FF5555}.Release|Any CPU.Build.0 = Release|Any CPU
		{9DD21C09-6E46-4383-B592-7926A8A29C5D}.Debug|Any CPU.ActiveCfg = Debug|Any CPU
		{9DD21C09-6E46-4383-B592-7926A8A29C5D}.Debug|Any CPU.Build.0 = Debug|Any CPU
		{9DD21C09-6E46-4383-B592-7926A8A29C5D}.Release|Any CPU.ActiveCfg = Release|Any CPU
		{9DD21C09-6E46-4383-B592-7926A8A29C5D}.Release|Any CPU.Build.0 = Release|Any CPU
		{31AB4B1E-6721-4455-8AED-86E3C7254E4B}.Debug|Any CPU.ActiveCfg = Debug|Any CPU
		{31AB4B1E-6721-4455-8AED-86E3C7254E4B}.Debug|Any CPU.Build.0 = Debug|Any CPU
		{31AB4B1E-6721-4455-8AED-86E3C7254E4B}.Release|Any CPU.ActiveCfg = Release|Any CPU
		{31AB4B1E-6721-4455-8AED-86E3C7254E4B}.Release|Any CPU.Build.0 = Release|Any CPU
		{0B5FD070-DDB1-4E45-BC33-816F23AE7242}.Debug|Any CPU.ActiveCfg = Debug|Any CPU
		{0B5FD070-DDB1-4E45-BC33-816F23AE7242}.Debug|Any CPU.Build.0 = Debug|Any CPU
		{0B5FD070-DDB1-4E45-BC33-816F23AE7242}.Release|Any CPU.ActiveCfg = Release|Any CPU
		{0B5FD070-DDB1-4E45-BC33-816F23AE7242}.Release|Any CPU.Build.0 = Release|Any CPU
		{3FB6A68F-72A7-4F42-BD4F-58B9399690A9}.Debug|Any CPU.ActiveCfg = Debug|Any CPU
		{3FB6A68F-72A7-4F42-BD4F-58B9399690A9}.Debug|Any CPU.Build.0 = Debug|Any CPU
		{3FB6A68F-72A7-4F42-BD4F-58B9399690A9}.Release|Any CPU.ActiveCfg = Release|Any CPU
		{3FB6A68F-72A7-4F42-BD4F-58B9399690A9}.Release|Any CPU.Build.0 = Release|Any CPU
		{A0FBBB34-18AB-4AC2-B5C4-B271B1C722A6}.Debug|Any CPU.ActiveCfg = Debug|Any CPU
		{A0FBBB34-18AB-4AC2-B5C4-B271B1C722A6}.Debug|Any CPU.Build.0 = Debug|Any CPU
		{A0FBBB34-18AB-4AC2-B5C4-B271B1C722A6}.Release|Any CPU.ActiveCfg = Release|Any CPU
		{A0FBBB34-18AB-4AC2-B5C4-B271B1C722A6}.Release|Any CPU.Build.0 = Release|Any CPU
		{5D6244A5-2FAD-44B9-BC91-03E754D5AAF5}.Debug|Any CPU.ActiveCfg = Debug|Any CPU
		{5D6244A5-2FAD-44B9-BC91-03E754D5AAF5}.Debug|Any CPU.Build.0 = Debug|Any CPU
		{5D6244A5-2FAD-44B9-BC91-03E754D5AAF5}.Release|Any CPU.ActiveCfg = Release|Any CPU
		{5D6244A5-2FAD-44B9-BC91-03E754D5AAF5}.Release|Any CPU.Build.0 = Release|Any CPU
		{978BAF52-3497-4BA6-8696-1649EAA44535}.Debug|Any CPU.ActiveCfg = Debug|Any CPU
		{978BAF52-3497-4BA6-8696-1649EAA44535}.Debug|Any CPU.Build.0 = Debug|Any CPU
		{978BAF52-3497-4BA6-8696-1649EAA44535}.Release|Any CPU.ActiveCfg = Release|Any CPU
		{978BAF52-3497-4BA6-8696-1649EAA44535}.Release|Any CPU.Build.0 = Release|Any CPU
	EndGlobalSection
	GlobalSection(SolutionProperties) = preSolution
		HideSolutionNode = FALSE
	EndGlobalSection
	GlobalSection(ExtensibilityGlobals) = postSolution
		SolutionGuid = {96AED917-56D8-4B76-B6C1-AB191EED5259}
	EndGlobalSection
EndGlobal
