
Microsoft Visual Studio Solution File, Format Version 12.00
# Visual Studio Version 16
VisualStudioVersion = 16.0.30225.117
MinimumVisualStudioVersion = 10.0.40219.1
Project("{FAE04EC0-301F-11D3-BF4B-00C04F79EFBC}") = "DbStructure.Data", "DbStructure.Data\DbStructure.Data.csproj", "{0AC86F3B-1F84-4E7B-9165-6504F9FF5555}"
EndProject
Global
	GlobalSection(SolutionConfigurationPlatforms) = preSolution
		Debug|Any CPU = Debug|Any CPU
		Release|Any CPU = Release|Any CPU
	EndGlobalSection
	GlobalSection(ProjectConfigurationPlatforms) = postSolution
		{0AC86F3B-1F84-4E7B-9165-6504F9FF5555}.Debug|Any CPU.ActiveCfg = Debug|Any CPU
		{0AC86F3B-1F84-4E7B-9165-6504F9FF5555}.Debug|Any CPU.Build.0 = Debug|Any CPU
		{0AC86F3B-1F84-4E7B-9165-6504F9FF5555}.Release|Any CPU.ActiveCfg = Release|Any CPU
		{0AC86F3B-1F84-4E7B-9165-6504F9FF5555}.Release|Any CPU.Build.0 = Release|Any CPU
	EndGlobalSection
	GlobalSection(SolutionProperties) = preSolution
		HideSolutionNode = FALSE
	EndGlobalSection
	GlobalSection(ExtensibilityGlobals) = postSolution
		SolutionGuid = {96AED917-56D8-4B76-B6C1-AB191EED5259}
	EndGlobalSection
EndGlobal
